PODS:
  - Flutter (1.0.0)
  - google_maps_flutter_ios (0.0.1):
    - Flutter
    - GoogleMaps
  - GoogleMaps (5.2.0):
    - GoogleMaps/Maps (= 5.2.0)
  - GoogleMaps/Base (5.2.0)
  - GoogleMaps/Maps (5.2.0):
    - GoogleMaps/Base
  - location (0.0.1):
    - Flutter

DEPENDENCIES:
  - Flutter (from `Flutter`)
  - google_maps_flutter_ios (from `.symlinks/plugins/google_maps_flutter_ios/ios`)
  - location (from `.symlinks/plugins/location/ios`)

SPEC REPOS:
  trunk:
    - GoogleMaps

EXTERNAL SOURCES:
  Flutter:
    :path: Flutter
  google_maps_flutter_ios:
    :path: ".symlinks/plugins/google_maps_flutter_ios/ios"
  location:
    :path: ".symlinks/plugins/location/ios"

SPEC CHECKSUMS:
  Flutter: f04841e97a9d0b0a8025694d0796dd46242b2854
  google_maps_flutter_ios: 66201f392bf62d500f07670a30488a247b9bb5b9
  GoogleMaps: 025272d5876d3b32604e5c080dc25eaf68764693
  location: 3a2eed4dd2fab25e7b7baf2a9efefe82b512d740

PODFILE CHECKSUM: cc1f88378b4bfcf93a6ce00d2c587857c6008d3b

COCOAPODS: 1.11.3
